
Microsoft Visual Studio Solution File, Format Version 12.00
# Visual Studio Version 17
VisualStudioVersion = 17.4.33213.308
MinimumVisualStudioVersion = 10.0.40219.1
Project("{FAE04EC0-301F-11D3-BF4B-00C04F79EFBC}") = "Template Project Tae Young", "Template Project Tae Young.csproj", "{B049AA73-4930-4751-AF01-0E7B791825A6}"
EndProject
Global
	GlobalSection(SolutionConfigurationPlatforms) = preSolution
		Debug|Any CPU = Debug|Any CPU
		Release|Any CPU = Release|Any CPU
	EndGlobalSection
	GlobalSection(ProjectConfigurationPlatforms) = postSolution
		{B049AA73-4930-4751-AF01-0E7B791825A6}.Debug|Any CPU.ActiveCfg = Debug|Any CPU
		{B049AA73-4930-4751-AF01-0E7B791825A6}.Debug|Any CPU.Build.0 = Debug|Any CPU
		{B049AA73-4930-4751-AF01-0E7B791825A6}.Release|Any CPU.ActiveCfg = Release|Any CPU
		{B049AA73-4930-4751-AF01-0E7B791825A6}.Release|Any CPU.Build.0 = Release|Any CPU
	EndGlobalSection
	GlobalSection(SolutionProperties) = preSolution
		HideSolutionNode = FALSE
	EndGlobalSection
	GlobalSection(ExtensibilityGlobals) = postSolution
		SolutionGuid = {1A02FD03-8C03-4A44-9B02-43435E1A01AA}
	EndGlobalSection
EndGlobal
