
Microsoft Visual Studio Solution File, Format Version 12.00
# Visual Studio Version 17
VisualStudioVersion = 17.4.33213.308
MinimumVisualStudioVersion = 10.0.40219.1
Project("{FAE04EC0-301F-11D3-BF4B-00C04F79EFBC}") = "CRUD Tae Young Abadi Jaya", "CRUD Tae Young Abadi Jaya.csproj", "{43CB1732-B2A1-4612-9B37-0681149C94D6}"
EndProject
Project("{FAE04EC0-301F-11D3-BF4B-00C04F79EFBC}") = "Template Project Tae Young", "..\Template Project Tae Young\Template Project Tae Young.csproj", "{B049AA73-4930-4751-AF01-0E7B791825A6}"
EndProject
Global
	GlobalSection(SolutionConfigurationPlatforms) = preSolution
		Debug|Any CPU = Debug|Any CPU
		Release|Any CPU = Release|Any CPU
	EndGlobalSection
	GlobalSection(ProjectConfigurationPlatforms) = postSolution
		{43CB1732-B2A1-4612-9B37-0681149C94D6}.Debug|Any CPU.ActiveCfg = Debug|Any CPU
		{43CB1732-B2A1-4612-9B37-0681149C94D6}.Debug|Any CPU.Build.0 = Debug|Any CPU
		{43CB1732-B2A1-4612-9B37-0681149C94D6}.Release|Any CPU.ActiveCfg = Release|Any CPU
		{43CB1732-B2A1-4612-9B37-0681149C94D6}.Release|Any CPU.Build.0 = Release|Any CPU
		{B049AA73-4930-4751-AF01-0E7B791825A6}.Debug|Any CPU.ActiveCfg = Debug|Any CPU
		{B049AA73-4930-4751-AF01-0E7B791825A6}.Debug|Any CPU.Build.0 = Debug|Any CPU
		{B049AA73-4930-4751-AF01-0E7B791825A6}.Release|Any CPU.ActiveCfg = Release|Any CPU
		{B049AA73-4930-4751-AF01-0E7B791825A6}.Release|Any CPU.Build.0 = Release|Any CPU
	EndGlobalSection
	GlobalSection(SolutionProperties) = preSolution
		HideSolutionNode = FALSE
	EndGlobalSection
	GlobalSection(ExtensibilityGlobals) = postSolution
		SolutionGuid = {CC307332-1C27-4A02-9A0B-EA15AB61B1EA}
	EndGlobalSection
EndGlobal
