
Microsoft Visual Studio Solution File, Format Version 12.00
# Visual Studio Version 17
VisualStudioVersion = 17.4.33213.308
MinimumVisualStudioVersion = 10.0.40219.1
Project("{FAE04EC0-301F-11D3-BF4B-00C04F79EFBC}") = "Apps CURD", "Apps CURD.csproj", "{410DB36F-F7FE-4C1D-A424-00964C1F3293}"
EndProject
Global
	GlobalSection(SolutionConfigurationPlatforms) = preSolution
		Debug|Any CPU = Debug|Any CPU
		Release|Any CPU = Release|Any CPU
	EndGlobalSection
	GlobalSection(ProjectConfigurationPlatforms) = postSolution
		{410DB36F-F7FE-4C1D-A424-00964C1F3293}.Debug|Any CPU.ActiveCfg = Debug|Any CPU
		{410DB36F-F7FE-4C1D-A424-00964C1F3293}.Debug|Any CPU.Build.0 = Debug|Any CPU
		{410DB36F-F7FE-4C1D-A424-00964C1F3293}.Release|Any CPU.ActiveCfg = Release|Any CPU
		{410DB36F-F7FE-4C1D-A424-00964C1F3293}.Release|Any CPU.Build.0 = Release|Any CPU
	EndGlobalSection
	GlobalSection(SolutionProperties) = preSolution
		HideSolutionNode = FALSE
	EndGlobalSection
	GlobalSection(ExtensibilityGlobals) = postSolution
		SolutionGuid = {63039B2B-A2CC-4385-8B76-E6C81A5463E3}
	EndGlobalSection
EndGlobal
